
Microsoft Visual Studio Solution File, Format Version 12.00
# Visual Studio Version 17
VisualStudioVersion = 17.0.32112.339
MinimumVisualStudioVersion = 10.0.40219.1
Project("{9A19103F-16F7-4668-BE54-9A1E7A4F7556}") = "NeuralNetwork.Core", "NeuralNetwork.Core\NeuralNetwork.Core.csproj", "{E4E859EA-125F-48FE-AB9C-F1D4A28A6E20}"
EndProject
Project("{9A19103F-16F7-4668-BE54-9A1E7A4F7556}") = "NeuralNetworkRunner", "NeuralNetwork.Runner\NeuralNetworkRunner.csproj", "{2FA22321-7B29-48C1-ADEC-7764E0BFE4FD}"
EndProject
Project("{9A19103F-16F7-4668-BE54-9A1E7A4F7556}") = "NeuralNetworkVisualizer", "NeuralNetwork.Visualizer\NeuralNetworkVisualizer.csproj", "{BE2F834A-8CDF-4F1C-82F9-E1A76A92A5F2}"
EndProject
Project("{2150E333-8FDC-42A3-9474-1A3956D46DE8}") = "SolutionItems", "SolutionItems", "{B9ABC7F3-3C68-468D-88A3-13FAF09DE6FF}"
	ProjectSection(SolutionItems) = preProject
		.gitignore = .gitignore
		Notes.txt = Notes.txt
	EndProjectSection
EndProject
Global
	GlobalSection(SolutionConfigurationPlatforms) = preSolution
		Debug|Any CPU = Debug|Any CPU
		Release|Any CPU = Release|Any CPU
	EndGlobalSection
	GlobalSection(ProjectConfigurationPlatforms) = postSolution
		{E4E859EA-125F-48FE-AB9C-F1D4A28A6E20}.Debug|Any CPU.ActiveCfg = Debug|Any CPU
		{E4E859EA-125F-48FE-AB9C-F1D4A28A6E20}.Debug|Any CPU.Build.0 = Debug|Any CPU
		{E4E859EA-125F-48FE-AB9C-F1D4A28A6E20}.Release|Any CPU.ActiveCfg = Release|Any CPU
		{E4E859EA-125F-48FE-AB9C-F1D4A28A6E20}.Release|Any CPU.Build.0 = Release|Any CPU
		{2FA22321-7B29-48C1-ADEC-7764E0BFE4FD}.Debug|Any CPU.ActiveCfg = Debug|Any CPU
		{2FA22321-7B29-48C1-ADEC-7764E0BFE4FD}.Debug|Any CPU.Build.0 = Debug|Any CPU
		{2FA22321-7B29-48C1-ADEC-7764E0BFE4FD}.Release|Any CPU.ActiveCfg = Release|Any CPU
		{2FA22321-7B29-48C1-ADEC-7764E0BFE4FD}.Release|Any CPU.Build.0 = Release|Any CPU
		{BE2F834A-8CDF-4F1C-82F9-E1A76A92A5F2}.Debug|Any CPU.ActiveCfg = Debug|Any CPU
		{BE2F834A-8CDF-4F1C-82F9-E1A76A92A5F2}.Debug|Any CPU.Build.0 = Debug|Any CPU
		{BE2F834A-8CDF-4F1C-82F9-E1A76A92A5F2}.Release|Any CPU.ActiveCfg = Release|Any CPU
		{BE2F834A-8CDF-4F1C-82F9-E1A76A92A5F2}.Release|Any CPU.Build.0 = Release|Any CPU
	EndGlobalSection
	GlobalSection(SolutionProperties) = preSolution
		HideSolutionNode = FALSE
	EndGlobalSection
	GlobalSection(ExtensibilityGlobals) = postSolution
		SolutionGuid = {F4564F43-9B8A-49D0-96AD-23D14DD884E2}
	EndGlobalSection
EndGlobal
